{
  "nodes": {
    "nixpkgs": {
      "locked": {
        "lastModified": 1631614142,
        "narHash": "sha256-4B/qkXHPWe/1NL4enq6Qp8eNvTGtvoes1ZpnGbmlRwM=",
        "owner": "NixOS",
        "repo": "nixpkgs",
        "rev": "071317d543205ee5f5611d391a37582f9b282240",
        "type": "github"
      },
      "original": {
        "id": "nixpkgs",
        "ref": "nixpkgs-unstable",
        "type": "indirect"
      }
    },
    "root": {
      "inputs": {
        "nixpkgs": "nixpkgs"
      }
    }
  },
  "root": "root",
  "version": 7
}
